
Microsoft Visual Studio Solution File, Format Version 12.00
# Visual Studio 2012
Project("{FAE04EC0-301F-11D3-BF4B-00C04F79EFBC}") = "CreditCardValidator.iOS", "CreditCardValidator.iOS\CreditCardValidator.iOS.csproj", "{90F3C584-FD69-4926-9903-6B9771847782}"
EndProject
Project("{FAE04EC0-301F-11D3-BF4B-00C04F79EFBC}") = "CreditCardValidator.iOS.UITests", "CreditCardValidator.iOS.UITests\CreditCardValidator.iOS.UITests.csproj", "{BA48743D-06F3-4D2D-ACFD-EE2642CE155A}"
EndProject
Project("{FAE04EC0-301F-11D3-BF4B-00C04F79EFBC}") = "CreditCardValidator", "CreditCardValidator\CreditCardValidator.csproj", "{99A825A6-6F99-4B94-9F65-E908A6347F1E}"
EndProject
Global
	GlobalSection(SolutionConfigurationPlatforms) = preSolution
		Debug|iPhoneSimulator = Debug|iPhoneSimulator
		Release|iPhone = Release|iPhone
		Release|iPhoneSimulator = Release|iPhoneSimulator
		Debug|iPhone = Debug|iPhone
		Debug|Any CPU = Debug|Any CPU
		Release|Any CPU = Release|Any CPU
	EndGlobalSection
	GlobalSection(ProjectConfigurationPlatforms) = postSolution
		{90F3C584-FD69-4926-9903-6B9771847782}.Debug|Any CPU.ActiveCfg = Debug|iPhoneSimulator
		{90F3C584-FD69-4926-9903-6B9771847782}.Debug|Any CPU.Build.0 = Debug|iPhoneSimulator
		{90F3C584-FD69-4926-9903-6B9771847782}.Debug|iPhone.ActiveCfg = Debug|iPhone
		{90F3C584-FD69-4926-9903-6B9771847782}.Debug|iPhone.Build.0 = Debug|iPhone
		{90F3C584-FD69-4926-9903-6B9771847782}.Debug|iPhoneSimulator.ActiveCfg = Debug|iPhoneSimulator
		{90F3C584-FD69-4926-9903-6B9771847782}.Debug|iPhoneSimulator.Build.0 = Debug|iPhoneSimulator
		{90F3C584-FD69-4926-9903-6B9771847782}.Release|Any CPU.ActiveCfg = Release|iPhone
		{90F3C584-FD69-4926-9903-6B9771847782}.Release|Any CPU.Build.0 = Release|iPhone
		{90F3C584-FD69-4926-9903-6B9771847782}.Release|iPhone.ActiveCfg = Release|iPhone
		{90F3C584-FD69-4926-9903-6B9771847782}.Release|iPhone.Build.0 = Release|iPhone
		{90F3C584-FD69-4926-9903-6B9771847782}.Release|iPhoneSimulator.ActiveCfg = Release|iPhoneSimulator
		{90F3C584-FD69-4926-9903-6B9771847782}.Release|iPhoneSimulator.Build.0 = Release|iPhoneSimulator
		{99A825A6-6F99-4B94-9F65-E908A6347F1E}.Debug|Any CPU.ActiveCfg = Debug|Any CPU
		{99A825A6-6F99-4B94-9F65-E908A6347F1E}.Debug|Any CPU.Build.0 = Debug|Any CPU
		{99A825A6-6F99-4B94-9F65-E908A6347F1E}.Debug|iPhone.ActiveCfg = Debug|Any CPU
		{99A825A6-6F99-4B94-9F65-E908A6347F1E}.Debug|iPhone.Build.0 = Debug|Any CPU
		{99A825A6-6F99-4B94-9F65-E908A6347F1E}.Debug|iPhoneSimulator.ActiveCfg = Debug|Any CPU
		{99A825A6-6F99-4B94-9F65-E908A6347F1E}.Debug|iPhoneSimulator.Build.0 = Debug|Any CPU
		{99A825A6-6F99-4B94-9F65-E908A6347F1E}.Release|Any CPU.ActiveCfg = Release|Any CPU
		{99A825A6-6F99-4B94-9F65-E908A6347F1E}.Release|Any CPU.Build.0 = Release|Any CPU
		{99A825A6-6F99-4B94-9F65-E908A6347F1E}.Release|iPhone.ActiveCfg = Release|Any CPU
		{99A825A6-6F99-4B94-9F65-E908A6347F1E}.Release|iPhone.Build.0 = Release|Any CPU
		{99A825A6-6F99-4B94-9F65-E908A6347F1E}.Release|iPhoneSimulator.ActiveCfg = Release|Any CPU
		{99A825A6-6F99-4B94-9F65-E908A6347F1E}.Release|iPhoneSimulator.Build.0 = Release|Any CPU
		{BA48743D-06F3-4D2D-ACFD-EE2642CE155A}.Debug|Any CPU.ActiveCfg = Debug|Any CPU
		{BA48743D-06F3-4D2D-ACFD-EE2642CE155A}.Debug|Any CPU.Build.0 = Debug|Any CPU
		{BA48743D-06F3-4D2D-ACFD-EE2642CE155A}.Debug|iPhone.ActiveCfg = Debug|Any CPU
		{BA48743D-06F3-4D2D-ACFD-EE2642CE155A}.Debug|iPhone.Build.0 = Debug|Any CPU
		{BA48743D-06F3-4D2D-ACFD-EE2642CE155A}.Debug|iPhoneSimulator.ActiveCfg = Debug|Any CPU
		{BA48743D-06F3-4D2D-ACFD-EE2642CE155A}.Debug|iPhoneSimulator.Build.0 = Debug|Any CPU
		{BA48743D-06F3-4D2D-ACFD-EE2642CE155A}.Release|Any CPU.ActiveCfg = Release|Any CPU
		{BA48743D-06F3-4D2D-ACFD-EE2642CE155A}.Release|Any CPU.Build.0 = Release|Any CPU
		{BA48743D-06F3-4D2D-ACFD-EE2642CE155A}.Release|iPhone.ActiveCfg = Release|Any CPU
		{BA48743D-06F3-4D2D-ACFD-EE2642CE155A}.Release|iPhone.Build.0 = Release|Any CPU
		{BA48743D-06F3-4D2D-ACFD-EE2642CE155A}.Release|iPhoneSimulator.ActiveCfg = Release|Any CPU
		{BA48743D-06F3-4D2D-ACFD-EE2642CE155A}.Release|iPhoneSimulator.Build.0 = Release|Any CPU
	EndGlobalSection
EndGlobal
